// !$*UTF8*$!
{
	archiveVersion = 1;
	classes = {
	};
	objectVersion = 46;
	objects = {

/* Begin PBXBuildFile section */
		4B34353214A26EB8002831BD /* UIKit.framework in Frameworks */ = {isa = PBXBuildFile; fileRef = 4B34353114A26EB8002831BD /* UIKit.framework */; };
		4B34353414A26EB8002831BD /* Foundation.framework in Frameworks */ = {isa = PBXBuildFile; fileRef = 4B34353314A26EB8002831BD /* Foundation.framework */; };
		4B34353614A26EB8002831BD /* CoreGraphics.framework in Frameworks */ = {isa = PBXBuildFile; fileRef = 4B34353514A26EB8002831BD /* CoreGraphics.framework */; };
		4B34353814A26EB8002831BD /* CoreData.framework in Frameworks */ = {isa = PBXBuildFile; fileRef = 4B34353714A26EB8002831BD /* CoreData.framework */; };
		4B34353E14A26EB8002831BD /* InfoPlist.strings in Resources */ = {isa = PBXBuildFile; fileRef = 4B34353C14A26EB8002831BD /* InfoPlist.strings */; };
		4B34354014A26EB8002831BD /* main.m in Sources */ = {isa = PBXBuildFile; fileRef = 4B34353F14A26EB8002831BD /* main.m */; };
		4B34354414A26EB8002831BD /* AppDelegate.m in Sources */ = {isa = PBXBuildFile; fileRef = 4B34354314A26EB8002831BD /* AppDelegate.m */; };
		4B34354714A26EB9002831BD /* DHToolkit.xcdatamodeld in Sources */ = {isa = PBXBuildFile; fileRef = 4B34354514A26EB9002831BD /* DHToolkit.xcdatamodeld */; };
		4B34354F14A26EB9002831BD /* SenTestingKit.framework in Frameworks */ = {isa = PBXBuildFile; fileRef = 4B34354E14A26EB9002831BD /* SenTestingKit.framework */; };
		4B34355014A26EB9002831BD /* UIKit.framework in Frameworks */ = {isa = PBXBuildFile; fileRef = 4B34353114A26EB8002831BD /* UIKit.framework */; };
		4B34355114A26EB9002831BD /* Foundation.framework in Frameworks */ = {isa = PBXBuildFile; fileRef = 4B34353314A26EB8002831BD /* Foundation.framework */; };
		4B34355214A26EB9002831BD /* CoreData.framework in Frameworks */ = {isa = PBXBuildFile; fileRef = 4B34353714A26EB8002831BD /* CoreData.framework */; };
		4B34355A14A26EB9002831BD /* InfoPlist.strings in Resources */ = {isa = PBXBuildFile; fileRef = 4B34355814A26EB9002831BD /* InfoPlist.strings */; };
		4B34355D14A26EB9002831BD /* DHToolkitTests.m in Sources */ = {isa = PBXBuildFile; fileRef = 4B34355C14A26EB9002831BD /* DHToolkitTests.m */; };
/* End PBXBuildFile section */

/* Begin PBXContainerItemProxy section */
		4B34355314A26EB9002831BD /* PBXContainerItemProxy */ = {
			isa = PBXContainerItemProxy;
			containerPortal = 4B34352414A26EB8002831BD /* Project object */;
			proxyType = 1;
			remoteGlobalIDString = 4B34352C14A26EB8002831BD;
			remoteInfo = DHToolkit;
		};
/* End PBXContainerItemProxy section */

/* Begin PBXFileReference section */
		4B34352D14A26EB8002831BD /* DHToolkit.app */ = {isa = PBXFileReference; explicitFileType = wrapper.application; includeInIndex = 0; path = DHToolkit.app; sourceTree = BUILT_PRODUCTS_DIR; };
		4B34353114A26EB8002831BD /* UIKit.framework */ = {isa = PBXFileReference; lastKnownFileType = wrapper.framework; name = UIKit.framework; path = System/Library/Frameworks/UIKit.framework; sourceTree = SDKROOT; };
		4B34353314A26EB8002831BD /* Foundation.framework */ = {isa = PBXFileReference; lastKnownFileType = wrapper.framework; name = Foundation.framework; path = System/Library/Frameworks/Foundation.framework; sourceTree = SDKROOT; };
		4B34353514A26EB8002831BD /* CoreGraphics.framework */ = {isa = PBXFileReference; lastKnownFileType = wrapper.framework; name = CoreGraphics.framework; path = System/Library/Frameworks/CoreGraphics.framework; sourceTree = SDKROOT; };
		4B34353714A26EB8002831BD /* CoreData.framework */ = {isa = PBXFileReference; lastKnownFileType = wrapper.framework; name = CoreData.framework; path = System/Library/Frameworks/CoreData.framework; sourceTree = SDKROOT; };
		4B34353B14A26EB8002831BD /* DHToolkit-Info.plist */ = {isa = PBXFileReference; path = "DHToolkit-Info.plist"; sourceTree = "<group>"; };
		4B34353D14A26EB8002831BD /* en */ = {isa = PBXFileReference; lastKnownFileType = text.plist.strings; name = en; path = en.lproj/InfoPlist.strings; sourceTree = "<group>"; };
		4B34353F14A26EB8002831BD /* main.m */ = {isa = PBXFileReference; lastKnownFileType = sourcecode.c.objc; path = main.m; sourceTree = "<group>"; };
		4B34354114A26EB8002831BD /* DHToolkit-Prefix.pch */ = {isa = PBXFileReference; path = "DHToolkit-Prefix.pch"; sourceTree = "<group>"; };
		4B34354214A26EB8002831BD /* AppDelegate.h */ = {isa = PBXFileReference; path = AppDelegate.h; sourceTree = "<group>"; };
		4B34354314A26EB8002831BD /* AppDelegate.m */ = {isa = PBXFileReference; lastKnownFileType = sourcecode.c.objc; path = AppDelegate.m; sourceTree = "<group>"; };
		4B34354614A26EB9002831BD /* DHToolkit.xcdatamodel */ = {isa = PBXFileReference; lastKnownFileType = wrapper.xcdatamodel; path = DHToolkit.xcdatamodel; sourceTree = "<group>"; };
		4B34354D14A26EB9002831BD /* DHToolkitTests.octest */ = {isa = PBXFileReference; explicitFileType = wrapper.cfbundle; includeInIndex = 0; path = DHToolkitTests.octest; sourceTree = BUILT_PRODUCTS_DIR; };
		4B34354E14A26EB9002831BD /* SenTestingKit.framework */ = {isa = PBXFileReference; lastKnownFileType = wrapper.framework; name = SenTestingKit.framework; path = Library/Frameworks/SenTestingKit.framework; sourceTree = DEVELOPER_DIR; };
		4B34355714A26EB9002831BD /* DHToolkitTests-Info.plist */ = {isa = PBXFileReference; path = "DHToolkitTests-Info.plist"; sourceTree = "<group>"; };
		4B34355914A26EB9002831BD /* en */ = {isa = PBXFileReference; lastKnownFileType = text.plist.strings; name = en; path = en.lproj/InfoPlist.strings; sourceTree = "<group>"; };
		4B34355B14A26EB9002831BD /* DHToolkitTests.h */ = {isa = PBXFileReference; path = DHToolkitTests.h; sourceTree = "<group>"; };
		4B34355C14A26EB9002831BD /* DHToolkitTests.m */ = {isa = PBXFileReference; lastKnownFileType = sourcecode.c.objc; path = DHToolkitTests.m; sourceTree = "<group>"; };
/* End PBXFileReference section */

/* Begin PBXFrameworksBuildPhase section */
		4B34352A14A26EB8002831BD /* Frameworks */ = {
			isa = PBXFrameworksBuildPhase;
			buildActionMask = 2147483647;
			files = (
				4B34353214A26EB8002831BD /* UIKit.framework in Frameworks */,
				4B34353414A26EB8002831BD /* Foundation.framework in Frameworks */,
				4B34353614A26EB8002831BD /* CoreGraphics.framework in Frameworks */,
				4B34353814A26EB8002831BD /* CoreData.framework in Frameworks */,
			);
			runOnlyForDeploymentPostprocessing = 0;
		};
		4B34354914A26EB9002831BD /* Frameworks */ = {
			isa = PBXFrameworksBuildPhase;
			buildActionMask = 2147483647;
			files = (
				4B34354F14A26EB9002831BD /* SenTestingKit.framework in Frameworks */,
				4B34355014A26EB9002831BD /* UIKit.framework in Frameworks */,
				4B34355114A26EB9002831BD /* Foundation.framework in Frameworks */,
				4B34355214A26EB9002831BD /* CoreData.framework in Frameworks */,
			);
			runOnlyForDeploymentPostprocessing = 0;
		};
/* End PBXFrameworksBuildPhase section */

/* Begin PBXGroup section */
		4B34352214A26EB8002831BD = {
			isa = PBXGroup;
			children = (
				4B34353914A26EB8002831BD /* DHToolkit */,
				4B34355514A26EB9002831BD /* DHToolkitTests */,
				4B34353014A26EB8002831BD /* Frameworks */,
				4B34352E14A26EB8002831BD /* Products */,
			);
			sourceTree = "<group>";
		};
		4B34352E14A26EB8002831BD /* Products */ = {
			isa = PBXGroup;
			children = (
				4B34352D14A26EB8002831BD /* DHToolkit.app */,
				4B34354D14A26EB9002831BD /* DHToolkitTests.octest */,
			);
			name = Products;
			sourceTree = "<group>";
		};
		4B34353014A26EB8002831BD /* Frameworks */ = {
			isa = PBXGroup;
			children = (
				4B34353114A26EB8002831BD /* UIKit.framework */,
				4B34353314A26EB8002831BD /* Foundation.framework */,
				4B34353514A26EB8002831BD /* CoreGraphics.framework */,
				4B34353714A26EB8002831BD /* CoreData.framework */,
				4B34354E14A26EB9002831BD /* SenTestingKit.framework */,
			);
			name = Frameworks;
			sourceTree = "<group>";
		};
		4B34353914A26EB8002831BD /* DHToolkit */ = {
			isa = PBXGroup;
			children = (
				4B34354214A26EB8002831BD /* AppDelegate.h */,
				4B34354314A26EB8002831BD /* AppDelegate.m */,
				4B34354514A26EB9002831BD /* DHToolkit.xcdatamodeld */,
				4B34353A14A26EB8002831BD /* Supporting Files */,
			);
			path = DHToolkit;
			sourceTree = "<group>";
		};
		4B34353A14A26EB8002831BD /* Supporting Files */ = {
			isa = PBXGroup;
			children = (
				4B34353B14A26EB8002831BD /* DHToolkit-Info.plist */,
				4B34353C14A26EB8002831BD /* InfoPlist.strings */,
				4B34353F14A26EB8002831BD /* main.m */,
				4B34354114A26EB8002831BD /* DHToolkit-Prefix.pch */,
			);
			name = "Supporting Files";
			sourceTree = "<group>";
		};
		4B34355514A26EB9002831BD /* DHToolkitTests */ = {
			isa = PBXGroup;
			children = (
				4B34355B14A26EB9002831BD /* DHToolkitTests.h */,
				4B34355C14A26EB9002831BD /* DHToolkitTests.m */,
				4B34355614A26EB9002831BD /* Supporting Files */,
			);
			path = DHToolkitTests;
			sourceTree = "<group>";
		};
		4B34355614A26EB9002831BD /* Supporting Files */ = {
			isa = PBXGroup;
			children = (
				4B34355714A26EB9002831BD /* DHToolkitTests-Info.plist */,
				4B34355814A26EB9002831BD /* InfoPlist.strings */,
			);
			name = "Supporting Files";
			sourceTree = "<group>";
		};
/* End PBXGroup section */

/* Begin PBXNativeTarget section */
		4B34352C14A26EB8002831BD /* DHToolkit */ = {
			isa = PBXNativeTarget;
			buildConfigurationList = 4B34356014A26EB9002831BD /* Build configuration list for PBXNativeTarget "DHToolkit" */;
			buildPhases = (
				4B34352914A26EB8002831BD /* Sources */,
				4B34352A14A26EB8002831BD /* Frameworks */,
				4B34352B14A26EB8002831BD /* Resources */,
			);
			buildRules = (
			);
			dependencies = (
			);
			name = DHToolkit;
			productName = DHToolkit;
			productReference = 4B34352D14A26EB8002831BD /* DHToolkit.app */;
			productType = "com.apple.product-type.application";
		};
		4B34354C14A26EB9002831BD /* DHToolkitTests */ = {
			isa = PBXNativeTarget;
			buildConfigurationList = 4B34356314A26EB9002831BD /* Build configuration list for PBXNativeTarget "DHToolkitTests" */;
			buildPhases = (
				4B34354814A26EB9002831BD /* Sources */,
				4B34354914A26EB9002831BD /* Frameworks */,
				4B34354A14A26EB9002831BD /* Resources */,
				4B34354B14A26EB9002831BD /* ShellScript */,
			);
			buildRules = (
			);
			dependencies = (
				4B34355414A26EB9002831BD /* PBXTargetDependency */,
			);
			name = DHToolkitTests;
			productName = DHToolkitTests;
			productReference = 4B34354D14A26EB9002831BD /* DHToolkitTests.octest */;
			productType = "com.apple.product-type.bundle";
		};
/* End PBXNativeTarget section */

/* Begin PBXProject section */
		4B34352414A26EB8002831BD /* Project object */ = {
			isa = PBXProject;
			attributes = {
				LastUpgradeCheck = 0420;
				ORGANIZATIONNAME = www.timshi.com;
			};
			buildConfigurationList = 4B34352714A26EB8002831BD /* Build configuration list for PBXProject "DHToolkit" */;
			compatibilityVersion = "Xcode 3.2";
			developmentRegion = English;
			hasScannedForEncodings = 0;
			knownRegions = (
				en,
			);
			mainGroup = 4B34352214A26EB8002831BD;
			productRefGroup = 4B34352E14A26EB8002831BD /* Products */;
			projectDirPath = "";
			projectRoot = "";
			targets = (
				4B34352C14A26EB8002831BD /* DHToolkit */,
				4B34354C14A26EB9002831BD /* DHToolkitTests */,
			);
		};
/* End PBXProject section */

/* Begin PBXResourcesBuildPhase section */
		4B34352B14A26EB8002831BD /* Resources */ = {
			isa = PBXResourcesBuildPhase;
			buildActionMask = 2147483647;
			files = (
				4B34353E14A26EB8002831BD /* InfoPlist.strings in Resources */,
			);
			runOnlyForDeploymentPostprocessing = 0;
		};
		4B34354A14A26EB9002831BD /* Resources */ = {
			isa = PBXResourcesBuildPhase;
			buildActionMask = 2147483647;
			files = (
				4B34355A14A26EB9002831BD /* InfoPlist.strings in Resources */,
			);
			runOnlyForDeploymentPostprocessing = 0;
		};
/* End PBXResourcesBuildPhase section */

/* Begin PBXShellScriptBuildPhase section */
		4B34354B14A26EB9002831BD /* ShellScript */ = {
			isa = PBXShellScriptBuildPhase;
			buildActionMask = 2147483647;
			files = (
			);
			inputPaths = (
			);
			outputPaths = (
			);
			runOnlyForDeploymentPostprocessing = 0;
			shellPath = /bin/sh;
			shellScript = "# Run the unit tests in this test bundle.\n\"${SYSTEM_DEVELOPER_DIR}/Tools/RunUnitTests\"\n";
		};
/* End PBXShellScriptBuildPhase section */

/* Begin PBXSourcesBuildPhase section */
		4B34352914A26EB8002831BD /* Sources */ = {
			isa = PBXSourcesBuildPhase;
			buildActionMask = 2147483647;
			files = (
				4B34354014A26EB8002831BD /* main.m in Sources */,
				4B34354414A26EB8002831BD /* AppDelegate.m in Sources */,
				4B34354714A26EB9002831BD /* DHToolkit.xcdatamodeld in Sources */,
			);
			runOnlyForDeploymentPostprocessing = 0;
		};
		4B34354814A26EB9002831BD /* Sources */ = {
			isa = PBXSourcesBuildPhase;
			buildActionMask = 2147483647;
			files = (
				4B34355D14A26EB9002831BD /* DHToolkitTests.m in Sources */,
			);
			runOnlyForDeploymentPostprocessing = 0;
		};
/* End PBXSourcesBuildPhase section */

/* Begin PBXTargetDependency section */
		4B34355414A26EB9002831BD /* PBXTargetDependency */ = {
			isa = PBXTargetDependency;
			target = 4B34352C14A26EB8002831BD /* DHToolkit */;
			targetProxy = 4B34355314A26EB9002831BD /* PBXContainerItemProxy */;
		};
/* End PBXTargetDependency section */

/* Begin PBXVariantGroup section */
		4B34353C14A26EB8002831BD /* InfoPlist.strings */ = {
			isa = PBXVariantGroup;
			children = (
				4B34353D14A26EB8002831BD /* en */,
			);
			name = InfoPlist.strings;
			sourceTree = "<group>";
		};
		4B34355814A26EB9002831BD /* InfoPlist.strings */ = {
			isa = PBXVariantGroup;
			children = (
				4B34355914A26EB9002831BD /* en */,
			);
			name = InfoPlist.strings;
			sourceTree = "<group>";
		};
/* End PBXVariantGroup section */

/* Begin XCBuildConfiguration section */
		4B34355E14A26EB9002831BD /* Debug */ = {
			isa = XCBuildConfiguration;
			buildSettings = {
				ALWAYS_SEARCH_USER_PATHS = NO;
				ARCHS = "$(ARCHS_STANDARD_32_BIT)";
				CLANG_ENABLE_OBJC_ARC = YES;
				"CODE_SIGN_IDENTITY[sdk=iphoneos*]" = "iPhone Developer";
				COPY_PHASE_STRIP = NO;
				GCC_C_LANGUAGE_STANDARD = gnu99;
				GCC_DYNAMIC_NO_PIC = NO;
				GCC_OPTIMIZATION_LEVEL = 0;
				GCC_PREPROCESSOR_DEFINITIONS = (
					"DEBUG=1",
					"$(inherited)",
				);
				GCC_SYMBOLS_PRIVATE_EXTERN = NO;
				GCC_VERSION = com.apple.compilers.llvm.clang.1_0;
				GCC_WARN_ABOUT_MISSING_PROTOTYPES = YES;
				GCC_WARN_ABOUT_RETURN_TYPE = YES;
				GCC_WARN_UNUSED_VARIABLE = YES;
				IPHONEOS_DEPLOYMENT_TARGET = 5.0;
				SDKROOT = iphoneos;
			};
			name = Debug;
		};
		4B34355F14A26EB9002831BD /* Release */ = {
			isa = XCBuildConfiguration;
			buildSettings = {
				ALWAYS_SEARCH_USER_PATHS = NO;
				ARCHS = "$(ARCHS_STANDARD_32_BIT)";
				CLANG_ENABLE_OBJC_ARC = YES;
				"CODE_SIGN_IDENTITY[sdk=iphoneos*]" = "iPhone Developer";
				COPY_PHASE_STRIP = YES;
				GCC_C_LANGUAGE_STANDARD = gnu99;
				GCC_VERSION = com.apple.compilers.llvm.clang.1_0;
				GCC_WARN_ABOUT_MISSING_PROTOTYPES = YES;
				GCC_WARN_ABOUT_RETURN_TYPE = YES;
				GCC_WARN_UNUSED_VARIABLE = YES;
				IPHONEOS_DEPLOYMENT_TARGET = 5.0;
				OTHER_CFLAGS = "-DNS_BLOCK_ASSERTIONS=1";
				SDKROOT = iphoneos;
				VALIDATE_PRODUCT = YES;
			};
			name = Release;
		};
		4B34356114A26EB9002831BD /* Debug */ = {
			isa = XCBuildConfiguration;
			buildSettings = {
				GCC_PRECOMPILE_PREFIX_HEADER = YES;
				GCC_PREFIX_HEADER = "DHToolkit/DHToolkit-Prefix.pch";
				INFOPLIST_FILE = "DHToolkit/DHToolkit-Info.plist";
				PRODUCT_NAME = "$(TARGET_NAME)";
				WRAPPER_EXTENSION = app;
			};
			name = Debug;
		};
		4B34356214A26EB9002831BD /* Release */ = {
			isa = XCBuildConfiguration;
			buildSettings = {
				GCC_PRECOMPILE_PREFIX_HEADER = YES;
				GCC_PREFIX_HEADER = "DHToolkit/DHToolkit-Prefix.pch";
				INFOPLIST_FILE = "DHToolkit/DHToolkit-Info.plist";
				PRODUCT_NAME = "$(TARGET_NAME)";
				WRAPPER_EXTENSION = app;
			};
			name = Release;
		};
		4B34356414A26EB9002831BD /* Debug */ = {
			isa = XCBuildConfiguration;
			buildSettings = {
				BUNDLE_LOADER = "$(BUILT_PRODUCTS_DIR)/DHToolkit.app/DHToolkit";
				FRAMEWORK_SEARCH_PATHS = (
					"$(SDKROOT)/Developer/Library/Frameworks",
					"$(DEVELOPER_LIBRARY_DIR)/Frameworks",
				);
				GCC_PRECOMPILE_PREFIX_HEADER = YES;
				GCC_PREFIX_HEADER = "DHToolkit/DHToolkit-Prefix.pch";
				INFOPLIST_FILE = "DHToolkitTests/DHToolkitTests-Info.plist";
				PRODUCT_NAME = "$(TARGET_NAME)";
				TEST_HOST = "$(BUNDLE_LOADER)";
				WRAPPER_EXTENSION = octest;
			};
			name = Debug;
		};
		4B34356514A26EB9002831BD /* Release */ = {
			isa = XCBuildConfiguration;
			buildSettings = {
				BUNDLE_LOADER = "$(BUILT_PRODUCTS_DIR)/DHToolkit.app/DHToolkit";
				FRAMEWORK_SEARCH_PATHS = (
					"$(SDKROOT)/Developer/Library/Frameworks",
					"$(DEVELOPER_LIBRARY_DIR)/Frameworks",
				);
				GCC_PRECOMPILE_PREFIX_HEADER = YES;
				GCC_PREFIX_HEADER = "DHToolkit/DHToolkit-Prefix.pch";
				INFOPLIST_FILE = "DHToolkitTests/DHToolkitTests-Info.plist";
				PRODUCT_NAME = "$(TARGET_NAME)";
				TEST_HOST = "$(BUNDLE_LOADER)";
				WRAPPER_EXTENSION = octest;
			};
			name = Release;
		};
/* End XCBuildConfiguration section */

/* Begin XCConfigurationList section */
		4B34352714A26EB8002831BD /* Build configuration list for PBXProject "DHToolkit" */ = {
			isa = XCConfigurationList;
			buildConfigurations = (
				4B34355E14A26EB9002831BD /* Debug */,
				4B34355F14A26EB9002831BD /* Release */,
			);
			defaultConfigurationIsVisible = 0;
			defaultConfigurationName = Release;
		};
		4B34356014A26EB9002831BD /* Build configuration list for PBXNativeTarget "DHToolkit" */ = {
			isa = XCConfigurationList;
			buildConfigurations = (
				4B34356114A26EB9002831BD /* Debug */,
				4B34356214A26EB9002831BD /* Release */,
			);
			defaultConfigurationIsVisible = 0;
		};
		4B34356314A26EB9002831BD /* Build configuration list for PBXNativeTarget "DHToolkitTests" */ = {
			isa = XCConfigurationList;
			buildConfigurations = (
				4B34356414A26EB9002831BD /* Debug */,
				4B34356514A26EB9002831BD /* Release */,
			);
			defaultConfigurationIsVisible = 0;
		};
/* End XCConfigurationList section */

/* Begin XCVersionGroup section */
		4B34354514A26EB9002831BD /* DHToolkit.xcdatamodeld */ = {
			isa = XCVersionGroup;
			children = (
				4B34354614A26EB9002831BD /* DHToolkit.xcdatamodel */,
			);
			currentVersion = 4B34354614A26EB9002831BD /* DHToolkit.xcdatamodel */;
			path = DHToolkit.xcdatamodeld;
			sourceTree = "<group>";
			versionGroupType = wrapper.xcdatamodel;
		};
/* End XCVersionGroup section */
	};
	rootObject = 4B34352414A26EB8002831BD /* Project object */;
}
